
Microsoft Visual Studio Solution File, Format Version 12.00
# Visual Studio Version 17
VisualStudioVersion = 17.8.34322.80
MinimumVisualStudioVersion = 10.0.40219.1
Project("{FAE04EC0-301F-11D3-BF4B-00C04F79EFBC}") = "Etlap", "Etlap\Etlap.csproj", "{019D2DC7-96C8-4BDF-8E08-EEE2DC7CA5EA}"
EndProject
Global
	GlobalSection(SolutionConfigurationPlatforms) = preSolution
		Debug|Any CPU = Debug|Any CPU
		Release|Any CPU = Release|Any CPU
	EndGlobalSection
	GlobalSection(ProjectConfigurationPlatforms) = postSolution
		{019D2DC7-96C8-4BDF-8E08-EEE2DC7CA5EA}.Debug|Any CPU.ActiveCfg = Debug|Any CPU
		{019D2DC7-96C8-4BDF-8E08-EEE2DC7CA5EA}.Debug|Any CPU.Build.0 = Debug|Any CPU
		{019D2DC7-96C8-4BDF-8E08-EEE2DC7CA5EA}.Release|Any CPU.ActiveCfg = Release|Any CPU
		{019D2DC7-96C8-4BDF-8E08-EEE2DC7CA5EA}.Release|Any CPU.Build.0 = Release|Any CPU
	EndGlobalSection
	GlobalSection(SolutionProperties) = preSolution
		HideSolutionNode = FALSE
	EndGlobalSection
	GlobalSection(ExtensibilityGlobals) = postSolution
		SolutionGuid = {7A1C0D39-572C-4E13-AA42-610564F004E7}
	EndGlobalSection
EndGlobal
